
Microsoft Visual Studio Solution File, Format Version 12.00
# Visual Studio Version 17
VisualStudioVersion = 17.0.31903.59
MinimumVisualStudioVersion = 10.0.40219.1
Project("{2150E333-8FDC-42A3-9474-1A3956D46DE8}") = "spikes", "spikes", "{F03356A3-2473-4487-86E7-3194CF9E9D8D}"
EndProject
Project("{FAE04EC0-301F-11D3-BF4B-00C04F79EFBC}") = "FirestoreSpike", "spikes\FirestoreSpike\FirestoreSpike.csproj", "{03AA2697-1873-469B-A127-087D12922E8A}"
EndProject
Project("{FAE04EC0-301F-11D3-BF4B-00C04F79EFBC}") = "UiaSpike", "spikes\UiaSpike\UiaSpike.csproj", "{1C6C03CB-D1D8-40B1-A821-6ABEEC2E120F}"
EndProject
Project("{FAE04EC0-301F-11D3-BF4B-00C04F79EFBC}") = "DnsSpike", "spikes\DnsSpike\DnsSpike.csproj", "{0BB3BABE-5349-49F0-BCC7-E9A72C828C1A}"
EndProject
Project("{2150E333-8FDC-42A3-9474-1A3956D46DE8}") = "src", "src", "{7E96C0D0-3CDE-4AAC-9B94-D8D2324A00CF}"
EndProject
Project("{FAE04EC0-301F-11D3-BF4B-00C04F79EFBC}") = "GuardNest.Core", "src\GuardNest.Core\GuardNest.Core.csproj", "{ADFF27EF-49D0-416B-83AD-1BBA73ED8DAB}"
EndProject
Project("{FAE04EC0-301F-11D3-BF4B-00C04F79EFBC}") = "GuardNest.Service", "src\GuardNest.Service\GuardNest.Service.csproj", "{B839286B-FF03-4A14-B029-1341A0CC3614}"
EndProject
Project("{FAE04EC0-301F-11D3-BF4B-00C04F79EFBC}") = "GuardNest.Agent", "src\GuardNest.Agent\GuardNest.Agent.csproj", "{6235AC0C-45F1-433A-891B-F38B20CDF0D3}"
EndProject
Project("{2150E333-8FDC-42A3-9474-1A3956D46DE8}") = "tests", "tests", "{C5C73FBF-FF12-45AB-ABA3-BE496364445D}"
EndProject
Project("{FAE04EC0-301F-11D3-BF4B-00C04F79EFBC}") = "GuardNest.Core.Tests", "tests\GuardNest.Core.Tests\GuardNest.Core.Tests.csproj", "{01D3979F-778C-4C07-AEEA-A259414F75DB}"
EndProject
Project("{FAE04EC0-301F-11D3-BF4B-00C04F79EFBC}") = "GuardNest.Setup", "src\GuardNest.Setup\GuardNest.Setup.csproj", "{83AE9149-13FD-49CC-8BD1-EFD2C5F9DAFC}"
EndProject
Project("{FAE04EC0-301F-11D3-BF4B-00C04F79EFBC}") = "GuardNest.App", "src\GuardNest.App\GuardNest.App.csproj", "{560ED1AE-3D81-43A3-B2D0-DF1C7B27295E}"
EndProject
Global
	GlobalSection(SolutionConfigurationPlatforms) = preSolution
		Debug|Any CPU = Debug|Any CPU
		Release|Any CPU = Release|Any CPU
	EndGlobalSection
	GlobalSection(SolutionProperties) = preSolution
		HideSolutionNode = FALSE
	EndGlobalSection
	GlobalSection(ProjectConfigurationPlatforms) = postSolution
		{03AA2697-1873-469B-A127-087D12922E8A}.Debug|Any CPU.ActiveCfg = Debug|Any CPU
		{03AA2697-1873-469B-A127-087D12922E8A}.Debug|Any CPU.Build.0 = Debug|Any CPU
		{03AA2697-1873-469B-A127-087D12922E8A}.Release|Any CPU.ActiveCfg = Release|Any CPU
		{03AA2697-1873-469B-A127-087D12922E8A}.Release|Any CPU.Build.0 = Release|Any CPU
		{1C6C03CB-D1D8-40B1-A821-6ABEEC2E120F}.Debug|Any CPU.ActiveCfg = Debug|Any CPU
		{1C6C03CB-D1D8-40B1-A821-6ABEEC2E120F}.Debug|Any CPU.Build.0 = Debug|Any CPU
		{1C6C03CB-D1D8-40B1-A821-6ABEEC2E120F}.Release|Any CPU.ActiveCfg = Release|Any CPU
		{1C6C03CB-D1D8-40B1-A821-6ABEEC2E120F}.Release|Any CPU.Build.0 = Release|Any CPU
		{0BB3BABE-5349-49F0-BCC7-E9A72C828C1A}.Debug|Any CPU.ActiveCfg = Debug|Any CPU
		{0BB3BABE-5349-49F0-BCC7-E9A72C828C1A}.Debug|Any CPU.Build.0 = Debug|Any CPU
		{0BB3BABE-5349-49F0-BCC7-E9A72C828C1A}.Release|Any CPU.ActiveCfg = Release|Any CPU
		{0BB3BABE-5349-49F0-BCC7-E9A72C828C1A}.Release|Any CPU.Build.0 = Release|Any CPU
		{ADFF27EF-49D0-416B-83AD-1BBA73ED8DAB}.Debug|Any CPU.ActiveCfg = Debug|Any CPU
		{ADFF27EF-49D0-416B-83AD-1BBA73ED8DAB}.Debug|Any CPU.Build.0 = Debug|Any CPU
		{ADFF27EF-49D0-416B-83AD-1BBA73ED8DAB}.Release|Any CPU.ActiveCfg = Release|Any CPU
		{ADFF27EF-49D0-416B-83AD-1BBA73ED8DAB}.Release|Any CPU.Build.0 = Release|Any CPU
		{B839286B-FF03-4A14-B029-1341A0CC3614}.Debug|Any CPU.ActiveCfg = Debug|Any CPU
		{B839286B-FF03-4A14-B029-1341A0CC3614}.Debug|Any CPU.Build.0 = Debug|Any CPU
		{B839286B-FF03-4A14-B029-1341A0CC3614}.Release|Any CPU.ActiveCfg = Release|Any CPU
		{B839286B-FF03-4A14-B029-1341A0CC3614}.Release|Any CPU.Build.0 = Release|Any CPU
		{6235AC0C-45F1-433A-891B-F38B20CDF0D3}.Debug|Any CPU.ActiveCfg = Debug|Any CPU
		{6235AC0C-45F1-433A-891B-F38B20CDF0D3}.Debug|Any CPU.Build.0 = Debug|Any CPU
		{6235AC0C-45F1-433A-891B-F38B20CDF0D3}.Release|Any CPU.ActiveCfg = Release|Any CPU
		{6235AC0C-45F1-433A-891B-F38B20CDF0D3}.Release|Any CPU.Build.0 = Release|Any CPU
		{01D3979F-778C-4C07-AEEA-A259414F75DB}.Debug|Any CPU.ActiveCfg = Debug|Any CPU
		{01D3979F-778C-4C07-AEEA-A259414F75DB}.Debug|Any CPU.Build.0 = Debug|Any CPU
		{01D3979F-778C-4C07-AEEA-A259414F75DB}.Release|Any CPU.ActiveCfg = Release|Any CPU
		{01D3979F-778C-4C07-AEEA-A259414F75DB}.Release|Any CPU.Build.0 = Release|Any CPU
		{83AE9149-13FD-49CC-8BD1-EFD2C5F9DAFC}.Debug|Any CPU.ActiveCfg = Debug|Any CPU
		{83AE9149-13FD-49CC-8BD1-EFD2C5F9DAFC}.Debug|Any CPU.Build.0 = Debug|Any CPU
		{83AE9149-13FD-49CC-8BD1-EFD2C5F9DAFC}.Release|Any CPU.ActiveCfg = Release|Any CPU
		{83AE9149-13FD-49CC-8BD1-EFD2C5F9DAFC}.Release|Any CPU.Build.0 = Release|Any CPU
		{560ED1AE-3D81-43A3-B2D0-DF1C7B27295E}.Debug|Any CPU.ActiveCfg = Debug|Any CPU
		{560ED1AE-3D81-43A3-B2D0-DF1C7B27295E}.Debug|Any CPU.Build.0 = Debug|Any CPU
		{560ED1AE-3D81-43A3-B2D0-DF1C7B27295E}.Release|Any CPU.ActiveCfg = Release|Any CPU
		{560ED1AE-3D81-43A3-B2D0-DF1C7B27295E}.Release|Any CPU.Build.0 = Release|Any CPU
	EndGlobalSection
	GlobalSection(NestedProjects) = preSolution
		{03AA2697-1873-469B-A127-087D12922E8A} = {F03356A3-2473-4487-86E7-3194CF9E9D8D}
		{1C6C03CB-D1D8-40B1-A821-6ABEEC2E120F} = {F03356A3-2473-4487-86E7-3194CF9E9D8D}
		{0BB3BABE-5349-49F0-BCC7-E9A72C828C1A} = {F03356A3-2473-4487-86E7-3194CF9E9D8D}
		{ADFF27EF-49D0-416B-83AD-1BBA73ED8DAB} = {7E96C0D0-3CDE-4AAC-9B94-D8D2324A00CF}
		{B839286B-FF03-4A14-B029-1341A0CC3614} = {7E96C0D0-3CDE-4AAC-9B94-D8D2324A00CF}
		{6235AC0C-45F1-433A-891B-F38B20CDF0D3} = {7E96C0D0-3CDE-4AAC-9B94-D8D2324A00CF}
		{01D3979F-778C-4C07-AEEA-A259414F75DB} = {C5C73FBF-FF12-45AB-ABA3-BE496364445D}
		{83AE9149-13FD-49CC-8BD1-EFD2C5F9DAFC} = {7E96C0D0-3CDE-4AAC-9B94-D8D2324A00CF}
		{560ED1AE-3D81-43A3-B2D0-DF1C7B27295E} = {7E96C0D0-3CDE-4AAC-9B94-D8D2324A00CF}
	EndGlobalSection
EndGlobal
